schema: '2.0'
stages:
  download:
    cmd: python download.py
    deps:
    - path: download.py
      hash: md5
      md5: f66835ad442db79e0b447c93ba8eca45
      size: 2795
    params:
      params.yaml:
        n_locs: 6
        year: 2002
    outs:
    - path: Data/
      hash: md5
      md5: 5c23bc3214a0cfb13e50bba288ac07e5.dir
      size: 24777055
      nfiles: 6
  prepare:
    cmd: python prepare.py
    deps:
    - path: Data/
      hash: md5
      md5: 5c23bc3214a0cfb13e50bba288ac07e5.dir
      size: 24777055
      nfiles: 6
    - path: prepare.py
      hash: md5
      md5: ce39c8671df951c23795eb3246ee7aa0
      size: 2716
    outs:
    - path: extracted_monthly_averages.csv
      hash: md5
      md5: 4163d016b809aaba37f4e683616ebb12
      size: 2226
    - path: list_of_fields.npy
      hash: md5
      md5: 0a1755ca7b1afc3dfc3c6c1f41c74023
      size: 340
  process:
    cmd: python process.py
    deps:
    - path: Data/
      hash: md5
      md5: 5c23bc3214a0cfb13e50bba288ac07e5.dir
      size: 24777055
      nfiles: 6
    - path: list_of_fields.npy
      hash: md5
      md5: 0a1755ca7b1afc3dfc3c6c1f41c74023
      size: 340
    - path: process.py
      hash: md5
      md5: 8442fe0fa6841102df73810230e80457
      size: 2360
    outs:
    - path: computed_monthly_averages.csv
      hash: md5
      md5: e3b3833d1793889d2ff625ce9844c9ab
      size: 3831
  evaluate:
    cmd: python evaluate.py
    deps:
    - path: computed_monthly_averages.csv
      hash: md5
      md5: e3b3833d1793889d2ff625ce9844c9ab
      size: 3831
    - path: evaluate.py
      hash: md5
      md5: 4e399879143521ae650b8a875ce119b5
      size: 920
    - path: extracted_monthly_averages.csv
      hash: md5
      md5: 4163d016b809aaba37f4e683616ebb12
      size: 2226
