schema: '2.0'
stages:
  download:
    cmd: python download.py
    deps:
    - path: download.py
      hash: md5
      md5: 0c8a36ce26fb1250f08a89d192e8979b
      size: 2796
    params:
      params.yaml:
        n_locs: 2
        year: 2002
    outs:
    - path: Data/
      hash: md5
      md5: 61e9b549ab279f2c4860a64ebd8e4a8d.dir
      size: 6372022
      nfiles: 2
  prepare:
    cmd: python prepare.py
    deps:
    - path: Data/
      hash: md5
      md5: 61e9b549ab279f2c4860a64ebd8e4a8d.dir
      size: 6372022
      nfiles: 2
    - path: prepare.py
      hash: md5
      md5: 176434348c1901618d8f671ddc04858b
      size: 3424
    outs:
    - path: extracted_monthly_averages.csv
      hash: md5
      md5: 32265ec9d41096a3d001f53404fb08a3
      size: 715
    - path: list_of_fields.npy
      hash: md5
      md5: 5ad89a282d8b258fdb2d4df739629fe1
      size: 322
  process:
    cmd: python process.py
    deps:
    - path: Data/
      hash: md5
      md5: 61e9b549ab279f2c4860a64ebd8e4a8d.dir
      size: 6372022
      nfiles: 2
    - path: list_of_fields.npy
      hash: md5
      md5: 5ad89a282d8b258fdb2d4df739629fe1
      size: 322
    - path: process.py
      hash: md5
      md5: 8442fe0fa6841102df73810230e80457
      size: 2360
    outs:
    - path: computed_monthly_averages.csv
      hash: md5
      md5: 25c6b8eda37412a7d0965968604a2280
      size: 1281
  evaluate:
    cmd: python evaluate.py
    deps:
    - path: computed_monthly_averages.csv
      hash: md5
      md5: 25c6b8eda37412a7d0965968604a2280
      size: 1281
    - path: evaluate.py
      hash: md5
      md5: 4e399879143521ae650b8a875ce119b5
      size: 920
    - path: extracted_monthly_averages.csv
      hash: md5
      md5: 32265ec9d41096a3d001f53404fb08a3
      size: 715
