schema: '2.0'
stages:
  download:
    cmd: python download.py
    deps:
    - path: download.py
      hash: md5
      md5: 0c8a36ce26fb1250f08a89d192e8979b
      size: 2796
    params:
      params.yaml:
        n_locs: 3
        year: 2002
    outs:
    - path: Data/
      hash: md5
      md5: aaef312f1e97f46533bd2059e6d51a0c.dir
      size: 1250998
      nfiles: 3
  prepare:
    cmd: python prepare.py
    deps:
    - path: Data/
      hash: md5
      md5: aaef312f1e97f46533bd2059e6d51a0c.dir
      size: 1250998
      nfiles: 3
    - path: prepare.py
      hash: md5
      md5: 176434348c1901618d8f671ddc04858b
      size: 3424
    outs:
    - path: extracted_monthly_averages.csv
      hash: md5
      md5: 10341877329605ab0a901e561f3c6b70
      size: 1295
    - path: list_of_fields.npy
      hash: md5
      md5: 43019b0f036d8754ce4e73d9b77fb55f
      size: 351
  process:
    cmd: python process.py
    deps:
    - path: Data/
      hash: md5
      md5: aaef312f1e97f46533bd2059e6d51a0c.dir
      size: 1250998
      nfiles: 3
    - path: list_of_fields.npy
      hash: md5
      md5: 43019b0f036d8754ce4e73d9b77fb55f
      size: 351
    - path: process.py
      hash: md5
      md5: 8442fe0fa6841102df73810230e80457
      size: 2360
    outs:
    - path: computed_monthly_averages.csv
      hash: md5
      md5: 17450e29253820d000730bb1b79cfa92
      size: 2576
  evaluate:
    cmd: python evaluate.py
    deps:
    - path: computed_monthly_averages.csv
      hash: md5
      md5: 17450e29253820d000730bb1b79cfa92
      size: 2576
    - path: evaluate.py
      hash: md5
      md5: 4e399879143521ae650b8a875ce119b5
      size: 920
    - path: extracted_monthly_averages.csv
      hash: md5
      md5: 10341877329605ab0a901e561f3c6b70
      size: 1295
